
Microsoft Visual Studio Solution File, Format Version 12.00
# Visual Studio Version 17
VisualStudioVersion = 17.1.32407.343
MinimumVisualStudioVersion = 10.0.40219.1
Project("{2150E333-8FDC-42A3-9474-1A3956D46DE8}") = "src", "src", "{5EC21190-9171-4E62-9C4A-19D61AD57E2E}"
EndProject
Project("{2150E333-8FDC-42A3-9474-1A3956D46DE8}") = "2.CoreLayer", "2.CoreLayer", "{D4EA1042-6002-4A03-932E-FD14B55242CC}"
EndProject
Project("{2150E333-8FDC-42A3-9474-1A3956D46DE8}") = "3.InfrastructureLayer", "3.InfrastructureLayer", "{8DC59321-BC53-4B1B-B7AE-9FB601D01E4F}"
EndProject
Project("{2150E333-8FDC-42A3-9474-1A3956D46DE8}") = "1.PresentationLayer", "1.PresentationLayer", "{A6BC8AE3-A024-4BC3-BEEF-3B3B302314CF}"
EndProject
Project("{9A19103F-16F7-4668-BE54-9A1E7A4F7556}") = "Domain", "Domain\Domain.csproj", "{010383E7-9A6F-4546-A7FE-2F307704B75E}"
EndProject
Project("{9A19103F-16F7-4668-BE54-9A1E7A4F7556}") = "Application", "Application\Application.csproj", "{6F9DCF7D-CBE0-4A63-8AF4-A1B61B38BB95}"
EndProject
Project("{9A19103F-16F7-4668-BE54-9A1E7A4F7556}") = "Infrastructure", "Infrastructure\Infrastructure.csproj", "{7694FB2A-1905-43B5-AEB9-CFFAD8E91804}"
EndProject
Project("{9A19103F-16F7-4668-BE54-9A1E7A4F7556}") = "Persistence", "Persistence\Persistence.csproj", "{C2D08FBA-5371-43BB-A192-C96B06B1ADDD}"
EndProject
Project("{9A19103F-16F7-4668-BE54-9A1E7A4F7556}") = "Identity", "Identity\Identity.csproj", "{8412ADE2-F244-4335-8B2B-EC9689B93F52}"
EndProject
Project("{9A19103F-16F7-4668-BE54-9A1E7A4F7556}") = "Presentation", "Presentation\Presentation.csproj", "{EB440FD7-841C-41F9-B9C8-05B4C2DF559C}"
EndProject
Project("{2150E333-8FDC-42A3-9474-1A3956D46DE8}") = "4.PersistenceLayer", "4.PersistenceLayer", "{F9F6F1D1-5468-4E7F-8E0E-A2A64BC7E293}"
EndProject
Project("{2150E333-8FDC-42A3-9474-1A3956D46DE8}") = "6.ServicesLayer", "6.ServicesLayer", "{197D3F85-6EC8-454A-A899-51A5341D31FB}"
EndProject
Project("{9A19103F-16F7-4668-BE54-9A1E7A4F7556}") = "Services", "Services\Services.csproj", "{5EE1065A-5A5F-49FC-A768-E5A69209E891}"
EndProject
Project("{2150E333-8FDC-42A3-9474-1A3956D46DE8}") = "5.CommonLayer", "5.CommonLayer", "{8A78FC8C-98E9-46FB-B25B-7C43BB8FA0FD}"
EndProject
Project("{9A19103F-16F7-4668-BE54-9A1E7A4F7556}") = "Common", "Common\Common.csproj", "{9FA91D59-C58B-433A-8D76-65688733ABCF}"
EndProject
Global
	GlobalSection(SolutionConfigurationPlatforms) = preSolution
		Debug|Any CPU = Debug|Any CPU
		Release|Any CPU = Release|Any CPU
	EndGlobalSection
	GlobalSection(ProjectConfigurationPlatforms) = postSolution
		{010383E7-9A6F-4546-A7FE-2F307704B75E}.Debug|Any CPU.ActiveCfg = Debug|Any CPU
		{010383E7-9A6F-4546-A7FE-2F307704B75E}.Debug|Any CPU.Build.0 = Debug|Any CPU
		{010383E7-9A6F-4546-A7FE-2F307704B75E}.Release|Any CPU.ActiveCfg = Release|Any CPU
		{010383E7-9A6F-4546-A7FE-2F307704B75E}.Release|Any CPU.Build.0 = Release|Any CPU
		{6F9DCF7D-CBE0-4A63-8AF4-A1B61B38BB95}.Debug|Any CPU.ActiveCfg = Debug|Any CPU
		{6F9DCF7D-CBE0-4A63-8AF4-A1B61B38BB95}.Debug|Any CPU.Build.0 = Debug|Any CPU
		{6F9DCF7D-CBE0-4A63-8AF4-A1B61B38BB95}.Release|Any CPU.ActiveCfg = Release|Any CPU
		{6F9DCF7D-CBE0-4A63-8AF4-A1B61B38BB95}.Release|Any CPU.Build.0 = Release|Any CPU
		{7694FB2A-1905-43B5-AEB9-CFFAD8E91804}.Debug|Any CPU.ActiveCfg = Debug|Any CPU
		{7694FB2A-1905-43B5-AEB9-CFFAD8E91804}.Debug|Any CPU.Build.0 = Debug|Any CPU
		{7694FB2A-1905-43B5-AEB9-CFFAD8E91804}.Release|Any CPU.ActiveCfg = Release|Any CPU
		{7694FB2A-1905-43B5-AEB9-CFFAD8E91804}.Release|Any CPU.Build.0 = Release|Any CPU
		{C2D08FBA-5371-43BB-A192-C96B06B1ADDD}.Debug|Any CPU.ActiveCfg = Debug|Any CPU
		{C2D08FBA-5371-43BB-A192-C96B06B1ADDD}.Debug|Any CPU.Build.0 = Debug|Any CPU
		{C2D08FBA-5371-43BB-A192-C96B06B1ADDD}.Release|Any CPU.ActiveCfg = Release|Any CPU
		{C2D08FBA-5371-43BB-A192-C96B06B1ADDD}.Release|Any CPU.Build.0 = Release|Any CPU
		{8412ADE2-F244-4335-8B2B-EC9689B93F52}.Debug|Any CPU.ActiveCfg = Debug|Any CPU
		{8412ADE2-F244-4335-8B2B-EC9689B93F52}.Debug|Any CPU.Build.0 = Debug|Any CPU
		{8412ADE2-F244-4335-8B2B-EC9689B93F52}.Release|Any CPU.ActiveCfg = Release|Any CPU
		{8412ADE2-F244-4335-8B2B-EC9689B93F52}.Release|Any CPU.Build.0 = Release|Any CPU
		{EB440FD7-841C-41F9-B9C8-05B4C2DF559C}.Debug|Any CPU.ActiveCfg = Debug|Any CPU
		{EB440FD7-841C-41F9-B9C8-05B4C2DF559C}.Debug|Any CPU.Build.0 = Debug|Any CPU
		{EB440FD7-841C-41F9-B9C8-05B4C2DF559C}.Release|Any CPU.ActiveCfg = Release|Any CPU
		{EB440FD7-841C-41F9-B9C8-05B4C2DF559C}.Release|Any CPU.Build.0 = Release|Any CPU
		{5EE1065A-5A5F-49FC-A768-E5A69209E891}.Debug|Any CPU.ActiveCfg = Debug|Any CPU
		{5EE1065A-5A5F-49FC-A768-E5A69209E891}.Debug|Any CPU.Build.0 = Debug|Any CPU
		{5EE1065A-5A5F-49FC-A768-E5A69209E891}.Release|Any CPU.ActiveCfg = Release|Any CPU
		{5EE1065A-5A5F-49FC-A768-E5A69209E891}.Release|Any CPU.Build.0 = Release|Any CPU
		{9FA91D59-C58B-433A-8D76-65688733ABCF}.Debug|Any CPU.ActiveCfg = Debug|Any CPU
		{9FA91D59-C58B-433A-8D76-65688733ABCF}.Debug|Any CPU.Build.0 = Debug|Any CPU
		{9FA91D59-C58B-433A-8D76-65688733ABCF}.Release|Any CPU.ActiveCfg = Release|Any CPU
		{9FA91D59-C58B-433A-8D76-65688733ABCF}.Release|Any CPU.Build.0 = Release|Any CPU
	EndGlobalSection
	GlobalSection(SolutionProperties) = preSolution
		HideSolutionNode = FALSE
	EndGlobalSection
	GlobalSection(NestedProjects) = preSolution
		{D4EA1042-6002-4A03-932E-FD14B55242CC} = {5EC21190-9171-4E62-9C4A-19D61AD57E2E}
		{8DC59321-BC53-4B1B-B7AE-9FB601D01E4F} = {5EC21190-9171-4E62-9C4A-19D61AD57E2E}
		{A6BC8AE3-A024-4BC3-BEEF-3B3B302314CF} = {5EC21190-9171-4E62-9C4A-19D61AD57E2E}
		{010383E7-9A6F-4546-A7FE-2F307704B75E} = {D4EA1042-6002-4A03-932E-FD14B55242CC}
		{6F9DCF7D-CBE0-4A63-8AF4-A1B61B38BB95} = {D4EA1042-6002-4A03-932E-FD14B55242CC}
		{7694FB2A-1905-43B5-AEB9-CFFAD8E91804} = {8DC59321-BC53-4B1B-B7AE-9FB601D01E4F}
		{C2D08FBA-5371-43BB-A192-C96B06B1ADDD} = {F9F6F1D1-5468-4E7F-8E0E-A2A64BC7E293}
		{8412ADE2-F244-4335-8B2B-EC9689B93F52} = {8DC59321-BC53-4B1B-B7AE-9FB601D01E4F}
		{EB440FD7-841C-41F9-B9C8-05B4C2DF559C} = {A6BC8AE3-A024-4BC3-BEEF-3B3B302314CF}
		{F9F6F1D1-5468-4E7F-8E0E-A2A64BC7E293} = {5EC21190-9171-4E62-9C4A-19D61AD57E2E}
		{197D3F85-6EC8-454A-A899-51A5341D31FB} = {5EC21190-9171-4E62-9C4A-19D61AD57E2E}
		{5EE1065A-5A5F-49FC-A768-E5A69209E891} = {197D3F85-6EC8-454A-A899-51A5341D31FB}
		{8A78FC8C-98E9-46FB-B25B-7C43BB8FA0FD} = {5EC21190-9171-4E62-9C4A-19D61AD57E2E}
		{9FA91D59-C58B-433A-8D76-65688733ABCF} = {8A78FC8C-98E9-46FB-B25B-7C43BB8FA0FD}
	EndGlobalSection
	GlobalSection(ExtensibilityGlobals) = postSolution
		SolutionGuid = {4AF3C0BC-1E58-403F-A740-8A394F215EBB}
	EndGlobalSection
EndGlobal
